
Microsoft Visual Studio Solution File, Format Version 12.00
# Visual Studio Version 16
VisualStudioVersion = 16.0.28922.388
MinimumVisualStudioVersion = 15.0.26124.0
Project("{9A19103F-16F7-4668-BE54-9A1E7A4F7556}") = "netcore-sci", "netcore-sci\netcore-sci.csproj", "{C0961EC5-82D4-4A10-BCEA-8CDFC7EA438A}"
EndProject
Project("{9A19103F-16F7-4668-BE54-9A1E7A4F7556}") = "test", "test\test.csproj", "{AF97E38F-CAE8-4DA0-BAC9-1B292CE9A05C}"
EndProject
Project("{2150E333-8FDC-42A3-9474-1A3956D46DE8}") = "examples", "examples", "{73E4D409-F95A-4F33-8C7B-F0647E21C0E6}"
EndProject
Project("{FAE04EC0-301F-11D3-BF4B-00C04F79EFBC}") = "0001", "examples\0001\0001.csproj", "{F2603B5D-7BA5-4A0F-9365-51EB9EA5D95A}"
EndProject
Project("{FAE04EC0-301F-11D3-BF4B-00C04F79EFBC}") = "0002", "examples\0002\0002.csproj", "{CAC6CE66-310E-420B-9A80-F3EA29D6287B}"
EndProject
Project("{FAE04EC0-301F-11D3-BF4B-00C04F79EFBC}") = "0003", "examples\0003\0003.csproj", "{41FB37E0-77A0-4728-8831-C31BF1524F23}"
EndProject
Global
	GlobalSection(SolutionConfigurationPlatforms) = preSolution
		Debug|Any CPU = Debug|Any CPU
		Debug|x64 = Debug|x64
		Debug|x86 = Debug|x86
		Release|Any CPU = Release|Any CPU
		Release|x64 = Release|x64
		Release|x86 = Release|x86
	EndGlobalSection
	GlobalSection(ProjectConfigurationPlatforms) = postSolution
		{C0961EC5-82D4-4A10-BCEA-8CDFC7EA438A}.Debug|Any CPU.ActiveCfg = Debug|Any CPU
		{C0961EC5-82D4-4A10-BCEA-8CDFC7EA438A}.Debug|Any CPU.Build.0 = Debug|Any CPU
		{C0961EC5-82D4-4A10-BCEA-8CDFC7EA438A}.Debug|x64.ActiveCfg = Debug|Any CPU
		{C0961EC5-82D4-4A10-BCEA-8CDFC7EA438A}.Debug|x64.Build.0 = Debug|Any CPU
		{C0961EC5-82D4-4A10-BCEA-8CDFC7EA438A}.Debug|x86.ActiveCfg = Debug|Any CPU
		{C0961EC5-82D4-4A10-BCEA-8CDFC7EA438A}.Debug|x86.Build.0 = Debug|Any CPU
		{C0961EC5-82D4-4A10-BCEA-8CDFC7EA438A}.Release|Any CPU.ActiveCfg = Release|Any CPU
		{C0961EC5-82D4-4A10-BCEA-8CDFC7EA438A}.Release|Any CPU.Build.0 = Release|Any CPU
		{C0961EC5-82D4-4A10-BCEA-8CDFC7EA438A}.Release|x64.ActiveCfg = Release|Any CPU
		{C0961EC5-82D4-4A10-BCEA-8CDFC7EA438A}.Release|x64.Build.0 = Release|Any CPU
		{C0961EC5-82D4-4A10-BCEA-8CDFC7EA438A}.Release|x86.ActiveCfg = Release|Any CPU
		{C0961EC5-82D4-4A10-BCEA-8CDFC7EA438A}.Release|x86.Build.0 = Release|Any CPU
		{AF97E38F-CAE8-4DA0-BAC9-1B292CE9A05C}.Debug|Any CPU.ActiveCfg = Debug|Any CPU
		{AF97E38F-CAE8-4DA0-BAC9-1B292CE9A05C}.Debug|Any CPU.Build.0 = Debug|Any CPU
		{AF97E38F-CAE8-4DA0-BAC9-1B292CE9A05C}.Debug|x64.ActiveCfg = Debug|Any CPU
		{AF97E38F-CAE8-4DA0-BAC9-1B292CE9A05C}.Debug|x64.Build.0 = Debug|Any CPU
		{AF97E38F-CAE8-4DA0-BAC9-1B292CE9A05C}.Debug|x86.ActiveCfg = Debug|Any CPU
		{AF97E38F-CAE8-4DA0-BAC9-1B292CE9A05C}.Debug|x86.Build.0 = Debug|Any CPU
		{AF97E38F-CAE8-4DA0-BAC9-1B292CE9A05C}.Release|Any CPU.ActiveCfg = Release|Any CPU
		{AF97E38F-CAE8-4DA0-BAC9-1B292CE9A05C}.Release|Any CPU.Build.0 = Release|Any CPU
		{AF97E38F-CAE8-4DA0-BAC9-1B292CE9A05C}.Release|x64.ActiveCfg = Release|Any CPU
		{AF97E38F-CAE8-4DA0-BAC9-1B292CE9A05C}.Release|x64.Build.0 = Release|Any CPU
		{AF97E38F-CAE8-4DA0-BAC9-1B292CE9A05C}.Release|x86.ActiveCfg = Release|Any CPU
		{AF97E38F-CAE8-4DA0-BAC9-1B292CE9A05C}.Release|x86.Build.0 = Release|Any CPU
		{6A66A5BD-8096-435F-AEAF-FFFD34011899}.Debug|Any CPU.ActiveCfg = Debug|Any CPU
		{6A66A5BD-8096-435F-AEAF-FFFD34011899}.Debug|Any CPU.Build.0 = Debug|Any CPU
		{6A66A5BD-8096-435F-AEAF-FFFD34011899}.Debug|x64.ActiveCfg = Debug|Any CPU
		{6A66A5BD-8096-435F-AEAF-FFFD34011899}.Debug|x64.Build.0 = Debug|Any CPU
		{6A66A5BD-8096-435F-AEAF-FFFD34011899}.Debug|x86.ActiveCfg = Debug|Any CPU
		{6A66A5BD-8096-435F-AEAF-FFFD34011899}.Debug|x86.Build.0 = Debug|Any CPU
		{6A66A5BD-8096-435F-AEAF-FFFD34011899}.Release|Any CPU.ActiveCfg = Release|Any CPU
		{6A66A5BD-8096-435F-AEAF-FFFD34011899}.Release|Any CPU.Build.0 = Release|Any CPU
		{6A66A5BD-8096-435F-AEAF-FFFD34011899}.Release|x64.ActiveCfg = Release|Any CPU
		{6A66A5BD-8096-435F-AEAF-FFFD34011899}.Release|x64.Build.0 = Release|Any CPU
		{6A66A5BD-8096-435F-AEAF-FFFD34011899}.Release|x86.ActiveCfg = Release|Any CPU
		{6A66A5BD-8096-435F-AEAF-FFFD34011899}.Release|x86.Build.0 = Release|Any CPU
		{AA314CF3-8182-4398-A91F-890B5781855D}.Debug|Any CPU.ActiveCfg = Debug|Any CPU
		{AA314CF3-8182-4398-A91F-890B5781855D}.Debug|Any CPU.Build.0 = Debug|Any CPU
		{AA314CF3-8182-4398-A91F-890B5781855D}.Debug|x64.ActiveCfg = Debug|Any CPU
		{AA314CF3-8182-4398-A91F-890B5781855D}.Debug|x64.Build.0 = Debug|Any CPU
		{AA314CF3-8182-4398-A91F-890B5781855D}.Debug|x86.ActiveCfg = Debug|Any CPU
		{AA314CF3-8182-4398-A91F-890B5781855D}.Debug|x86.Build.0 = Debug|Any CPU
		{AA314CF3-8182-4398-A91F-890B5781855D}.Release|Any CPU.ActiveCfg = Release|Any CPU
		{AA314CF3-8182-4398-A91F-890B5781855D}.Release|Any CPU.Build.0 = Release|Any CPU
		{AA314CF3-8182-4398-A91F-890B5781855D}.Release|x64.ActiveCfg = Release|Any CPU
		{AA314CF3-8182-4398-A91F-890B5781855D}.Release|x64.Build.0 = Release|Any CPU
		{AA314CF3-8182-4398-A91F-890B5781855D}.Release|x86.ActiveCfg = Release|Any CPU
		{AA314CF3-8182-4398-A91F-890B5781855D}.Release|x86.Build.0 = Release|Any CPU
		{C01829D6-EE20-4E37-ABA7-BECD948FAB95}.Debug|Any CPU.ActiveCfg = Debug|Any CPU
		{C01829D6-EE20-4E37-ABA7-BECD948FAB95}.Debug|Any CPU.Build.0 = Debug|Any CPU
		{C01829D6-EE20-4E37-ABA7-BECD948FAB95}.Debug|x64.ActiveCfg = Debug|Any CPU
		{C01829D6-EE20-4E37-ABA7-BECD948FAB95}.Debug|x64.Build.0 = Debug|Any CPU
		{C01829D6-EE20-4E37-ABA7-BECD948FAB95}.Debug|x86.ActiveCfg = Debug|Any CPU
		{C01829D6-EE20-4E37-ABA7-BECD948FAB95}.Debug|x86.Build.0 = Debug|Any CPU
		{C01829D6-EE20-4E37-ABA7-BECD948FAB95}.Release|Any CPU.ActiveCfg = Release|Any CPU
		{C01829D6-EE20-4E37-ABA7-BECD948FAB95}.Release|Any CPU.Build.0 = Release|Any CPU
		{C01829D6-EE20-4E37-ABA7-BECD948FAB95}.Release|x64.ActiveCfg = Release|Any CPU
		{C01829D6-EE20-4E37-ABA7-BECD948FAB95}.Release|x64.Build.0 = Release|Any CPU
		{C01829D6-EE20-4E37-ABA7-BECD948FAB95}.Release|x86.ActiveCfg = Release|Any CPU
		{C01829D6-EE20-4E37-ABA7-BECD948FAB95}.Release|x86.Build.0 = Release|Any CPU
		{77C0AE92-31AC-4DF9-B917-757DD03092DD}.Debug|Any CPU.ActiveCfg = Debug|Any CPU
		{77C0AE92-31AC-4DF9-B917-757DD03092DD}.Debug|Any CPU.Build.0 = Debug|Any CPU
		{77C0AE92-31AC-4DF9-B917-757DD03092DD}.Debug|x64.ActiveCfg = Debug|Any CPU
		{77C0AE92-31AC-4DF9-B917-757DD03092DD}.Debug|x64.Build.0 = Debug|Any CPU
		{77C0AE92-31AC-4DF9-B917-757DD03092DD}.Debug|x86.ActiveCfg = Debug|Any CPU
		{77C0AE92-31AC-4DF9-B917-757DD03092DD}.Debug|x86.Build.0 = Debug|Any CPU
		{77C0AE92-31AC-4DF9-B917-757DD03092DD}.Release|Any CPU.ActiveCfg = Release|Any CPU
		{77C0AE92-31AC-4DF9-B917-757DD03092DD}.Release|Any CPU.Build.0 = Release|Any CPU
		{77C0AE92-31AC-4DF9-B917-757DD03092DD}.Release|x64.ActiveCfg = Release|Any CPU
		{77C0AE92-31AC-4DF9-B917-757DD03092DD}.Release|x64.Build.0 = Release|Any CPU
		{77C0AE92-31AC-4DF9-B917-757DD03092DD}.Release|x86.ActiveCfg = Release|Any CPU
		{77C0AE92-31AC-4DF9-B917-757DD03092DD}.Release|x86.Build.0 = Release|Any CPU
		{14F9A34C-BDF0-4EF0-9EA8-0C8520EA2A97}.Debug|Any CPU.ActiveCfg = Debug|Any CPU
		{14F9A34C-BDF0-4EF0-9EA8-0C8520EA2A97}.Debug|Any CPU.Build.0 = Debug|Any CPU
		{14F9A34C-BDF0-4EF0-9EA8-0C8520EA2A97}.Debug|x64.ActiveCfg = Debug|Any CPU
		{14F9A34C-BDF0-4EF0-9EA8-0C8520EA2A97}.Debug|x64.Build.0 = Debug|Any CPU
		{14F9A34C-BDF0-4EF0-9EA8-0C8520EA2A97}.Debug|x86.ActiveCfg = Debug|Any CPU
		{14F9A34C-BDF0-4EF0-9EA8-0C8520EA2A97}.Debug|x86.Build.0 = Debug|Any CPU
		{14F9A34C-BDF0-4EF0-9EA8-0C8520EA2A97}.Release|Any CPU.ActiveCfg = Release|Any CPU
		{14F9A34C-BDF0-4EF0-9EA8-0C8520EA2A97}.Release|Any CPU.Build.0 = Release|Any CPU
		{14F9A34C-BDF0-4EF0-9EA8-0C8520EA2A97}.Release|x64.ActiveCfg = Release|Any CPU
		{14F9A34C-BDF0-4EF0-9EA8-0C8520EA2A97}.Release|x64.Build.0 = Release|Any CPU
		{14F9A34C-BDF0-4EF0-9EA8-0C8520EA2A97}.Release|x86.ActiveCfg = Release|Any CPU
		{14F9A34C-BDF0-4EF0-9EA8-0C8520EA2A97}.Release|x86.Build.0 = Release|Any CPU
		{C65B8271-6B79-49E7-9612-E8F328205EA0}.Debug|Any CPU.ActiveCfg = Debug|Any CPU
		{C65B8271-6B79-49E7-9612-E8F328205EA0}.Debug|Any CPU.Build.0 = Debug|Any CPU
		{C65B8271-6B79-49E7-9612-E8F328205EA0}.Debug|x64.ActiveCfg = Debug|Any CPU
		{C65B8271-6B79-49E7-9612-E8F328205EA0}.Debug|x64.Build.0 = Debug|Any CPU
		{C65B8271-6B79-49E7-9612-E8F328205EA0}.Debug|x86.ActiveCfg = Debug|Any CPU
		{C65B8271-6B79-49E7-9612-E8F328205EA0}.Debug|x86.Build.0 = Debug|Any CPU
		{C65B8271-6B79-49E7-9612-E8F328205EA0}.Release|Any CPU.ActiveCfg = Release|Any CPU
		{C65B8271-6B79-49E7-9612-E8F328205EA0}.Release|Any CPU.Build.0 = Release|Any CPU
		{C65B8271-6B79-49E7-9612-E8F328205EA0}.Release|x64.ActiveCfg = Release|Any CPU
		{C65B8271-6B79-49E7-9612-E8F328205EA0}.Release|x64.Build.0 = Release|Any CPU
		{C65B8271-6B79-49E7-9612-E8F328205EA0}.Release|x86.ActiveCfg = Release|Any CPU
		{C65B8271-6B79-49E7-9612-E8F328205EA0}.Release|x86.Build.0 = Release|Any CPU
		{DEEFF062-5AD7-416D-A6BA-1EE9F6EA51D2}.Debug|Any CPU.ActiveCfg = Debug|Any CPU
		{DEEFF062-5AD7-416D-A6BA-1EE9F6EA51D2}.Debug|Any CPU.Build.0 = Debug|Any CPU
		{DEEFF062-5AD7-416D-A6BA-1EE9F6EA51D2}.Debug|x64.ActiveCfg = Debug|Any CPU
		{DEEFF062-5AD7-416D-A6BA-1EE9F6EA51D2}.Debug|x64.Build.0 = Debug|Any CPU
		{DEEFF062-5AD7-416D-A6BA-1EE9F6EA51D2}.Debug|x86.ActiveCfg = Debug|Any CPU
		{DEEFF062-5AD7-416D-A6BA-1EE9F6EA51D2}.Debug|x86.Build.0 = Debug|Any CPU
		{DEEFF062-5AD7-416D-A6BA-1EE9F6EA51D2}.Release|Any CPU.ActiveCfg = Release|Any CPU
		{DEEFF062-5AD7-416D-A6BA-1EE9F6EA51D2}.Release|Any CPU.Build.0 = Release|Any CPU
		{DEEFF062-5AD7-416D-A6BA-1EE9F6EA51D2}.Release|x64.ActiveCfg = Release|Any CPU
		{DEEFF062-5AD7-416D-A6BA-1EE9F6EA51D2}.Release|x64.Build.0 = Release|Any CPU
		{DEEFF062-5AD7-416D-A6BA-1EE9F6EA51D2}.Release|x86.ActiveCfg = Release|Any CPU
		{DEEFF062-5AD7-416D-A6BA-1EE9F6EA51D2}.Release|x86.Build.0 = Release|Any CPU
		{3B5961BF-FB15-49BC-87E3-0F2DF998BB57}.Debug|Any CPU.ActiveCfg = Debug|Any CPU
		{3B5961BF-FB15-49BC-87E3-0F2DF998BB57}.Debug|Any CPU.Build.0 = Debug|Any CPU
		{3B5961BF-FB15-49BC-87E3-0F2DF998BB57}.Debug|x64.ActiveCfg = Debug|Any CPU
		{3B5961BF-FB15-49BC-87E3-0F2DF998BB57}.Debug|x64.Build.0 = Debug|Any CPU
		{3B5961BF-FB15-49BC-87E3-0F2DF998BB57}.Debug|x86.ActiveCfg = Debug|Any CPU
		{3B5961BF-FB15-49BC-87E3-0F2DF998BB57}.Debug|x86.Build.0 = Debug|Any CPU
		{3B5961BF-FB15-49BC-87E3-0F2DF998BB57}.Release|Any CPU.ActiveCfg = Release|Any CPU
		{3B5961BF-FB15-49BC-87E3-0F2DF998BB57}.Release|Any CPU.Build.0 = Release|Any CPU
		{3B5961BF-FB15-49BC-87E3-0F2DF998BB57}.Release|x64.ActiveCfg = Release|Any CPU
		{3B5961BF-FB15-49BC-87E3-0F2DF998BB57}.Release|x64.Build.0 = Release|Any CPU
		{3B5961BF-FB15-49BC-87E3-0F2DF998BB57}.Release|x86.ActiveCfg = Release|Any CPU
		{3B5961BF-FB15-49BC-87E3-0F2DF998BB57}.Release|x86.Build.0 = Release|Any CPU
		{4253C3A2-A83D-44D8-9840-0E8442828D51}.Debug|Any CPU.ActiveCfg = Debug|Any CPU
		{4253C3A2-A83D-44D8-9840-0E8442828D51}.Debug|Any CPU.Build.0 = Debug|Any CPU
		{4253C3A2-A83D-44D8-9840-0E8442828D51}.Debug|x64.ActiveCfg = Debug|Any CPU
		{4253C3A2-A83D-44D8-9840-0E8442828D51}.Debug|x64.Build.0 = Debug|Any CPU
		{4253C3A2-A83D-44D8-9840-0E8442828D51}.Debug|x86.ActiveCfg = Debug|Any CPU
		{4253C3A2-A83D-44D8-9840-0E8442828D51}.Debug|x86.Build.0 = Debug|Any CPU
		{4253C3A2-A83D-44D8-9840-0E8442828D51}.Release|Any CPU.ActiveCfg = Release|Any CPU
		{4253C3A2-A83D-44D8-9840-0E8442828D51}.Release|Any CPU.Build.0 = Release|Any CPU
		{4253C3A2-A83D-44D8-9840-0E8442828D51}.Release|x64.ActiveCfg = Release|Any CPU
		{4253C3A2-A83D-44D8-9840-0E8442828D51}.Release|x64.Build.0 = Release|Any CPU
		{4253C3A2-A83D-44D8-9840-0E8442828D51}.Release|x86.ActiveCfg = Release|Any CPU
		{4253C3A2-A83D-44D8-9840-0E8442828D51}.Release|x86.Build.0 = Release|Any CPU
		{33194F62-63F9-4017-AD03-E068FF19F691}.Debug|Any CPU.ActiveCfg = Debug|Any CPU
		{33194F62-63F9-4017-AD03-E068FF19F691}.Debug|Any CPU.Build.0 = Debug|Any CPU
		{33194F62-63F9-4017-AD03-E068FF19F691}.Debug|x64.ActiveCfg = Debug|Any CPU
		{33194F62-63F9-4017-AD03-E068FF19F691}.Debug|x64.Build.0 = Debug|Any CPU
		{33194F62-63F9-4017-AD03-E068FF19F691}.Debug|x86.ActiveCfg = Debug|Any CPU
		{33194F62-63F9-4017-AD03-E068FF19F691}.Debug|x86.Build.0 = Debug|Any CPU
		{33194F62-63F9-4017-AD03-E068FF19F691}.Release|Any CPU.ActiveCfg = Release|Any CPU
		{33194F62-63F9-4017-AD03-E068FF19F691}.Release|Any CPU.Build.0 = Release|Any CPU
		{33194F62-63F9-4017-AD03-E068FF19F691}.Release|x64.ActiveCfg = Release|Any CPU
		{33194F62-63F9-4017-AD03-E068FF19F691}.Release|x64.Build.0 = Release|Any CPU
		{33194F62-63F9-4017-AD03-E068FF19F691}.Release|x86.ActiveCfg = Release|Any CPU
		{33194F62-63F9-4017-AD03-E068FF19F691}.Release|x86.Build.0 = Release|Any CPU
		{FFF4CB4F-0C1E-49C2-914E-CF07FE568DBA}.Debug|Any CPU.ActiveCfg = Debug|Any CPU
		{FFF4CB4F-0C1E-49C2-914E-CF07FE568DBA}.Debug|Any CPU.Build.0 = Debug|Any CPU
		{FFF4CB4F-0C1E-49C2-914E-CF07FE568DBA}.Debug|x64.ActiveCfg = Debug|Any CPU
		{FFF4CB4F-0C1E-49C2-914E-CF07FE568DBA}.Debug|x64.Build.0 = Debug|Any CPU
		{FFF4CB4F-0C1E-49C2-914E-CF07FE568DBA}.Debug|x86.ActiveCfg = Debug|Any CPU
		{FFF4CB4F-0C1E-49C2-914E-CF07FE568DBA}.Debug|x86.Build.0 = Debug|Any CPU
		{FFF4CB4F-0C1E-49C2-914E-CF07FE568DBA}.Release|Any CPU.ActiveCfg = Release|Any CPU
		{FFF4CB4F-0C1E-49C2-914E-CF07FE568DBA}.Release|Any CPU.Build.0 = Release|Any CPU
		{FFF4CB4F-0C1E-49C2-914E-CF07FE568DBA}.Release|x64.ActiveCfg = Release|Any CPU
		{FFF4CB4F-0C1E-49C2-914E-CF07FE568DBA}.Release|x64.Build.0 = Release|Any CPU
		{FFF4CB4F-0C1E-49C2-914E-CF07FE568DBA}.Release|x86.ActiveCfg = Release|Any CPU
		{FFF4CB4F-0C1E-49C2-914E-CF07FE568DBA}.Release|x86.Build.0 = Release|Any CPU
		{F2603B5D-7BA5-4A0F-9365-51EB9EA5D95A}.Debug|Any CPU.ActiveCfg = Debug|Any CPU
		{F2603B5D-7BA5-4A0F-9365-51EB9EA5D95A}.Debug|Any CPU.Build.0 = Debug|Any CPU
		{F2603B5D-7BA5-4A0F-9365-51EB9EA5D95A}.Debug|x64.ActiveCfg = Debug|Any CPU
		{F2603B5D-7BA5-4A0F-9365-51EB9EA5D95A}.Debug|x64.Build.0 = Debug|Any CPU
		{F2603B5D-7BA5-4A0F-9365-51EB9EA5D95A}.Debug|x86.ActiveCfg = Debug|Any CPU
		{F2603B5D-7BA5-4A0F-9365-51EB9EA5D95A}.Debug|x86.Build.0 = Debug|Any CPU
		{F2603B5D-7BA5-4A0F-9365-51EB9EA5D95A}.Release|Any CPU.ActiveCfg = Release|Any CPU
		{F2603B5D-7BA5-4A0F-9365-51EB9EA5D95A}.Release|Any CPU.Build.0 = Release|Any CPU
		{F2603B5D-7BA5-4A0F-9365-51EB9EA5D95A}.Release|x64.ActiveCfg = Release|Any CPU
		{F2603B5D-7BA5-4A0F-9365-51EB9EA5D95A}.Release|x64.Build.0 = Release|Any CPU
		{F2603B5D-7BA5-4A0F-9365-51EB9EA5D95A}.Release|x86.ActiveCfg = Release|Any CPU
		{F2603B5D-7BA5-4A0F-9365-51EB9EA5D95A}.Release|x86.Build.0 = Release|Any CPU
		{CAC6CE66-310E-420B-9A80-F3EA29D6287B}.Debug|Any CPU.ActiveCfg = Debug|Any CPU
		{CAC6CE66-310E-420B-9A80-F3EA29D6287B}.Debug|Any CPU.Build.0 = Debug|Any CPU
		{CAC6CE66-310E-420B-9A80-F3EA29D6287B}.Debug|x64.ActiveCfg = Debug|Any CPU
		{CAC6CE66-310E-420B-9A80-F3EA29D6287B}.Debug|x64.Build.0 = Debug|Any CPU
		{CAC6CE66-310E-420B-9A80-F3EA29D6287B}.Debug|x86.ActiveCfg = Debug|Any CPU
		{CAC6CE66-310E-420B-9A80-F3EA29D6287B}.Debug|x86.Build.0 = Debug|Any CPU
		{CAC6CE66-310E-420B-9A80-F3EA29D6287B}.Release|Any CPU.ActiveCfg = Release|Any CPU
		{CAC6CE66-310E-420B-9A80-F3EA29D6287B}.Release|Any CPU.Build.0 = Release|Any CPU
		{CAC6CE66-310E-420B-9A80-F3EA29D6287B}.Release|x64.ActiveCfg = Release|Any CPU
		{CAC6CE66-310E-420B-9A80-F3EA29D6287B}.Release|x64.Build.0 = Release|Any CPU
		{CAC6CE66-310E-420B-9A80-F3EA29D6287B}.Release|x86.ActiveCfg = Release|Any CPU
		{CAC6CE66-310E-420B-9A80-F3EA29D6287B}.Release|x86.Build.0 = Release|Any CPU
		{41FB37E0-77A0-4728-8831-C31BF1524F23}.Debug|Any CPU.ActiveCfg = Debug|Any CPU
		{41FB37E0-77A0-4728-8831-C31BF1524F23}.Debug|Any CPU.Build.0 = Debug|Any CPU
		{41FB37E0-77A0-4728-8831-C31BF1524F23}.Debug|x64.ActiveCfg = Debug|Any CPU
		{41FB37E0-77A0-4728-8831-C31BF1524F23}.Debug|x64.Build.0 = Debug|Any CPU
		{41FB37E0-77A0-4728-8831-C31BF1524F23}.Debug|x86.ActiveCfg = Debug|Any CPU
		{41FB37E0-77A0-4728-8831-C31BF1524F23}.Debug|x86.Build.0 = Debug|Any CPU
		{41FB37E0-77A0-4728-8831-C31BF1524F23}.Release|Any CPU.ActiveCfg = Release|Any CPU
		{41FB37E0-77A0-4728-8831-C31BF1524F23}.Release|Any CPU.Build.0 = Release|Any CPU
		{41FB37E0-77A0-4728-8831-C31BF1524F23}.Release|x64.ActiveCfg = Release|Any CPU
		{41FB37E0-77A0-4728-8831-C31BF1524F23}.Release|x64.Build.0 = Release|Any CPU
		{41FB37E0-77A0-4728-8831-C31BF1524F23}.Release|x86.ActiveCfg = Release|Any CPU
		{41FB37E0-77A0-4728-8831-C31BF1524F23}.Release|x86.Build.0 = Release|Any CPU
	EndGlobalSection
	GlobalSection(SolutionProperties) = preSolution
		HideSolutionNode = FALSE
	EndGlobalSection
	GlobalSection(ExtensibilityGlobals) = postSolution
		SolutionGuid = {A21C6039-CC74-4364-9307-2B361654126A}
	EndGlobalSection
	GlobalSection(NestedProjects) = preSolution
		{F2603B5D-7BA5-4A0F-9365-51EB9EA5D95A} = {73E4D409-F95A-4F33-8C7B-F0647E21C0E6}
		{CAC6CE66-310E-420B-9A80-F3EA29D6287B} = {73E4D409-F95A-4F33-8C7B-F0647E21C0E6}
		{41FB37E0-77A0-4728-8831-C31BF1524F23} = {73E4D409-F95A-4F33-8C7B-F0647E21C0E6}
	EndGlobalSection
EndGlobal
