
Microsoft Visual Studio Solution File, Format Version 12.00
# Visual Studio Version 17
VisualStudioVersion = 17.0.31903.59
MinimumVisualStudioVersion = 10.0.40219.1
Project("{2150E333-8FDC-42A3-9474-1A3956D46DE8}") = "src", "src", "{196751E1-5B90-49A0-8DAE-9FEE1DEF4246}"
EndProject
Project("{FAE04EC0-301F-11D3-BF4B-00C04F79EFBC}") = "netcore-sci", "src\sci\netcore-sci.csproj", "{4BDFEF9D-11F8-40D4-8B39-2EEC33AEAB70}"
EndProject
Project("{FAE04EC0-301F-11D3-BF4B-00C04F79EFBC}") = "test", "src\test\test.csproj", "{C412BB15-CA58-423F-A693-5E753F11CC0A}"
EndProject
Project("{2150E333-8FDC-42A3-9474-1A3956D46DE8}") = "examples", "examples", "{86759A60-76CA-487A-B3E2-F9A3B362D7EC}"
EndProject
Project("{FAE04EC0-301F-11D3-BF4B-00C04F79EFBC}") = "example-0001", "examples\example-0001\example-0001.csproj", "{E677E776-C4AE-4F1C-9A0D-26E53171F32F}"
EndProject
Project("{FAE04EC0-301F-11D3-BF4B-00C04F79EFBC}") = "example-0002", "examples\example-0002\example-0002.csproj", "{7029D00F-B2E2-45EF-BF22-E1A626900384}"
EndProject
Project("{FAE04EC0-301F-11D3-BF4B-00C04F79EFBC}") = "example-0003", "examples\example-0003\example-0003.csproj", "{86F2D312-5FBE-4E14-857B-24B3168F9962}"
EndProject
Global
	GlobalSection(SolutionConfigurationPlatforms) = preSolution
		Debug|Any CPU = Debug|Any CPU
		Release|Any CPU = Release|Any CPU
	EndGlobalSection
	GlobalSection(SolutionProperties) = preSolution
		HideSolutionNode = FALSE
	EndGlobalSection
	GlobalSection(ProjectConfigurationPlatforms) = postSolution
		{4BDFEF9D-11F8-40D4-8B39-2EEC33AEAB70}.Debug|Any CPU.ActiveCfg = Debug|Any CPU
		{4BDFEF9D-11F8-40D4-8B39-2EEC33AEAB70}.Debug|Any CPU.Build.0 = Debug|Any CPU
		{4BDFEF9D-11F8-40D4-8B39-2EEC33AEAB70}.Release|Any CPU.ActiveCfg = Release|Any CPU
		{4BDFEF9D-11F8-40D4-8B39-2EEC33AEAB70}.Release|Any CPU.Build.0 = Release|Any CPU
		{C412BB15-CA58-423F-A693-5E753F11CC0A}.Debug|Any CPU.ActiveCfg = Debug|Any CPU
		{C412BB15-CA58-423F-A693-5E753F11CC0A}.Debug|Any CPU.Build.0 = Debug|Any CPU
		{C412BB15-CA58-423F-A693-5E753F11CC0A}.Release|Any CPU.ActiveCfg = Release|Any CPU
		{C412BB15-CA58-423F-A693-5E753F11CC0A}.Release|Any CPU.Build.0 = Release|Any CPU
		{E677E776-C4AE-4F1C-9A0D-26E53171F32F}.Debug|Any CPU.ActiveCfg = Debug|Any CPU
		{E677E776-C4AE-4F1C-9A0D-26E53171F32F}.Debug|Any CPU.Build.0 = Debug|Any CPU
		{E677E776-C4AE-4F1C-9A0D-26E53171F32F}.Release|Any CPU.ActiveCfg = Release|Any CPU
		{E677E776-C4AE-4F1C-9A0D-26E53171F32F}.Release|Any CPU.Build.0 = Release|Any CPU
		{7029D00F-B2E2-45EF-BF22-E1A626900384}.Debug|Any CPU.ActiveCfg = Debug|Any CPU
		{7029D00F-B2E2-45EF-BF22-E1A626900384}.Debug|Any CPU.Build.0 = Debug|Any CPU
		{7029D00F-B2E2-45EF-BF22-E1A626900384}.Release|Any CPU.ActiveCfg = Release|Any CPU
		{7029D00F-B2E2-45EF-BF22-E1A626900384}.Release|Any CPU.Build.0 = Release|Any CPU
		{86F2D312-5FBE-4E14-857B-24B3168F9962}.Debug|Any CPU.ActiveCfg = Debug|Any CPU
		{86F2D312-5FBE-4E14-857B-24B3168F9962}.Debug|Any CPU.Build.0 = Debug|Any CPU
		{86F2D312-5FBE-4E14-857B-24B3168F9962}.Release|Any CPU.ActiveCfg = Release|Any CPU
		{86F2D312-5FBE-4E14-857B-24B3168F9962}.Release|Any CPU.Build.0 = Release|Any CPU
	EndGlobalSection
	GlobalSection(NestedProjects) = preSolution
		{4BDFEF9D-11F8-40D4-8B39-2EEC33AEAB70} = {196751E1-5B90-49A0-8DAE-9FEE1DEF4246}
		{C412BB15-CA58-423F-A693-5E753F11CC0A} = {196751E1-5B90-49A0-8DAE-9FEE1DEF4246}
		{E677E776-C4AE-4F1C-9A0D-26E53171F32F} = {86759A60-76CA-487A-B3E2-F9A3B362D7EC}
		{7029D00F-B2E2-45EF-BF22-E1A626900384} = {86759A60-76CA-487A-B3E2-F9A3B362D7EC}
		{86F2D312-5FBE-4E14-857B-24B3168F9962} = {86759A60-76CA-487A-B3E2-F9A3B362D7EC}
	EndGlobalSection
EndGlobal
